// !$*UTF8*$!
{
	archiveVersion = 1;
	classes = {
	};
	objectVersion = 50;
	objects = {

/* Begin PBXBuildFile section */
		293E4D50273D1BD2004D0A93 /* main.swift in Sources */ = {isa = PBXBuildFile; fileRef = 293E4D4F273D1BD2004D0A93 /* main.swift */; };
		F582332C8FE8FE54D590BFF8 /* libPods-web3Eth.a in Frameworks */ = {isa = PBXBuildFile; fileRef = C7F5BDC5745EE9044A739474 /* libPods-web3Eth.a */; };
/* End PBXBuildFile section */

/* Begin PBXCopyFilesBuildPhase section */
		293E4D4A273D1BD2004D0A93 /* CopyFiles */ = {
			isa = PBXCopyFilesBuildPhase;
			buildActionMask = 2147483647;
			dstPath = /usr/share/man/man1/;
			dstSubfolderSpec = 0;
			files = (
			);
			runOnlyForDeploymentPostprocessing = 1;
		};
/* End PBXCopyFilesBuildPhase section */

/* Begin PBXFileReference section */
		293E4D4C273D1BD2004D0A93 /* web3Eth */ = {isa = PBXFileReference; explicitFileType = "compiled.mach-o.executable"; includeInIndex = 0; path = web3Eth; sourceTree = BUILT_PRODUCTS_DIR; };
		293E4D4F273D1BD2004D0A93 /* main.swift */ = {isa = PBXFileReference; lastKnownFileType = sourcecode.swift; path = main.swift; sourceTree = "<group>"; };
		293E4D5D273D2246004D0A93 /* web3Eth.entitlements */ = {isa = PBXFileReference; lastKnownFileType = text.plist.entitlements; path = web3Eth.entitlements; sourceTree = "<group>"; };
		6FDA943987E037CC5914A860 /* Pods-web3Eth.debug.xcconfig */ = {isa = PBXFileReference; includeInIndex = 1; lastKnownFileType = text.xcconfig; name = "Pods-web3Eth.debug.xcconfig"; path = "Target Support Files/Pods-web3Eth/Pods-web3Eth.debug.xcconfig"; sourceTree = "<group>"; };
		C7F5BDC5745EE9044A739474 /* libPods-web3Eth.a */ = {isa = PBXFileReference; explicitFileType = archive.ar; includeInIndex = 0; path = "libPods-web3Eth.a"; sourceTree = BUILT_PRODUCTS_DIR; };
		D3C7F4853D0022660E9341C7 /* Pods-web3Eth.release.xcconfig */ = {isa = PBXFileReference; includeInIndex = 1; lastKnownFileType = text.xcconfig; name = "Pods-web3Eth.release.xcconfig"; path = "Target Support Files/Pods-web3Eth/Pods-web3Eth.release.xcconfig"; sourceTree = "<group>"; };
/* End PBXFileReference section */

/* Begin PBXFrameworksBuildPhase section */
		293E4D49273D1BD2004D0A93 /* Frameworks */ = {
			isa = PBXFrameworksBuildPhase;
			buildActionMask = 2147483647;
			files = (
				F582332C8FE8FE54D590BFF8 /* libPods-web3Eth.a in Frameworks */,
			);
			runOnlyForDeploymentPostprocessing = 0;
		};
/* End PBXFrameworksBuildPhase section */

/* Begin PBXGroup section */
		293E4D43273D1BD2004D0A93 = {
			isa = PBXGroup;
			children = (
				293E4D4E273D1BD2004D0A93 /* web3Eth */,
				293E4D4D273D1BD2004D0A93 /* Products */,
				B29B7FFF03263A68CD1221B9 /* Pods */,
				78C1FBD5CA91A9CC446EC2AF /* Frameworks */,
			);
			sourceTree = "<group>";
		};
		293E4D4D273D1BD2004D0A93 /* Products */ = {
			isa = PBXGroup;
			children = (
				293E4D4C273D1BD2004D0A93 /* web3Eth */,
			);
			name = Products;
			sourceTree = "<group>";
		};
		293E4D4E273D1BD2004D0A93 /* web3Eth */ = {
			isa = PBXGroup;
			children = (
				293E4D5D273D2246004D0A93 /* web3Eth.entitlements */,
				293E4D4F273D1BD2004D0A93 /* main.swift */,
			);
			path = web3Eth;
			sourceTree = "<group>";
		};
		78C1FBD5CA91A9CC446EC2AF /* Frameworks */ = {
			isa = PBXGroup;
			children = (
				C7F5BDC5745EE9044A739474 /* libPods-web3Eth.a */,
			);
			name = Frameworks;
			sourceTree = "<group>";
		};
		B29B7FFF03263A68CD1221B9 /* Pods */ = {
			isa = PBXGroup;
			children = (
				6FDA943987E037CC5914A860 /* Pods-web3Eth.debug.xcconfig */,
				D3C7F4853D0022660E9341C7 /* Pods-web3Eth.release.xcconfig */,
			);
			path = Pods;
			sourceTree = "<group>";
		};
/* End PBXGroup section */

/* Begin PBXNativeTarget section */
		293E4D4B273D1BD2004D0A93 /* web3Eth */ = {
			isa = PBXNativeTarget;
			buildConfigurationList = 293E4D53273D1BD2004D0A93 /* Build configuration list for PBXNativeTarget "web3Eth" */;
			buildPhases = (
				DEC7FEA57B280CCC3397587E /* [CP] Check Pods Manifest.lock */,
				293E4D48273D1BD2004D0A93 /* Sources */,
				293E4D49273D1BD2004D0A93 /* Frameworks */,
				293E4D4A273D1BD2004D0A93 /* CopyFiles */,
				513DA5B0344D14547437F6AF /* [CP] Copy Pods Resources */,
			);
			buildRules = (
			);
			dependencies = (
			);
			name = web3Eth;
			productName = web3Eth;
			productReference = 293E4D4C273D1BD2004D0A93 /* web3Eth */;
			productType = "com.apple.product-type.tool";
		};
/* End PBXNativeTarget section */

/* Begin PBXProject section */
		293E4D44273D1BD2004D0A93 /* Project object */ = {
			isa = PBXProject;
			attributes = {
				LastSwiftUpdateCheck = 1250;
				LastUpgradeCheck = 1250;
				TargetAttributes = {
					293E4D4B273D1BD2004D0A93 = {
						CreatedOnToolsVersion = 12.5;
					};
				};
			};
			buildConfigurationList = 293E4D47273D1BD2004D0A93 /* Build configuration list for PBXProject "web3Eth" */;
			compatibilityVersion = "Xcode 9.3";
			developmentRegion = en;
			hasScannedForEncodings = 0;
			knownRegions = (
				en,
				Base,
			);
			mainGroup = 293E4D43273D1BD2004D0A93;
			productRefGroup = 293E4D4D273D1BD2004D0A93 /* Products */;
			projectDirPath = "";
			projectRoot = "";
			targets = (
				293E4D4B273D1BD2004D0A93 /* web3Eth */,
			);
		};
/* End PBXProject section */

/* Begin PBXShellScriptBuildPhase section */
		513DA5B0344D14547437F6AF /* [CP] Copy Pods Resources */ = {
			isa = PBXShellScriptBuildPhase;
			buildActionMask = 2147483647;
			files = (
			);
			inputFileListPaths = (
				"${PODS_ROOT}/Target Support Files/Pods-web3Eth/Pods-web3Eth-resources-${CONFIGURATION}-input-files.xcfilelist",
			);
			name = "[CP] Copy Pods Resources";
			outputFileListPaths = (
				"${PODS_ROOT}/Target Support Files/Pods-web3Eth/Pods-web3Eth-resources-${CONFIGURATION}-output-files.xcfilelist",
			);
			runOnlyForDeploymentPostprocessing = 0;
			shellPath = /bin/sh;
			shellScript = "\"${PODS_ROOT}/Target Support Files/Pods-web3Eth/Pods-web3Eth-resources.sh\"\n";
			showEnvVarsInLog = 0;
		};
		DEC7FEA57B280CCC3397587E /* [CP] Check Pods Manifest.lock */ = {
			isa = PBXShellScriptBuildPhase;
			buildActionMask = 2147483647;
			files = (
			);
			inputFileListPaths = (
			);
			inputPaths = (
				"${PODS_PODFILE_DIR_PATH}/Podfile.lock",
				"${PODS_ROOT}/Manifest.lock",
			);
			name = "[CP] Check Pods Manifest.lock";
			outputFileListPaths = (
			);
			outputPaths = (
				"$(DERIVED_FILE_DIR)/Pods-web3Eth-checkManifestLockResult.txt",
			);
			runOnlyForDeploymentPostprocessing = 0;
			shellPath = /bin/sh;
			shellScript = "diff \"${PODS_PODFILE_DIR_PATH}/Podfile.lock\" \"${PODS_ROOT}/Manifest.lock\" > /dev/null\nif [ $? != 0 ] ; then\n    # print error to STDERR\n    echo \"error: The sandbox is not in sync with the Podfile.lock. Run 'pod install' or update your CocoaPods installation.\" >&2\n    exit 1\nfi\n# This output is used by Xcode 'outputs' to avoid re-running this script phase.\necho \"SUCCESS\" > \"${SCRIPT_OUTPUT_FILE_0}\"\n";
			showEnvVarsInLog = 0;
		};
/* End PBXShellScriptBuildPhase section */

/* Begin PBXSourcesBuildPhase section */
		293E4D48273D1BD2004D0A93 /* Sources */ = {
			isa = PBXSourcesBuildPhase;
			buildActionMask = 2147483647;
			files = (
				293E4D50273D1BD2004D0A93 /* main.swift in Sources */,
			);
			runOnlyForDeploymentPostprocessing = 0;
		};
/* End PBXSourcesBuildPhase section */

/* Begin XCBuildConfiguration section */
		293E4D51273D1BD2004D0A93 /* Debug */ = {
			isa = XCBuildConfiguration;
			buildSettings = {
				ALWAYS_SEARCH_USER_PATHS = NO;
				CLANG_ANALYZER_NONNULL = YES;
				CLANG_ANALYZER_NUMBER_OBJECT_CONVERSION = YES_AGGRESSIVE;
				CLANG_CXX_LANGUAGE_STANDARD = "gnu++14";
				CLANG_CXX_LIBRARY = "libc++";
				CLANG_ENABLE_MODULES = YES;
				CLANG_ENABLE_OBJC_ARC = YES;
				CLANG_ENABLE_OBJC_WEAK = YES;
				CLANG_WARN_BLOCK_CAPTURE_AUTORELEASING = YES;
				CLANG_WARN_BOOL_CONVERSION = YES;
				CLANG_WARN_COMMA = YES;
				CLANG_WARN_CONSTANT_CONVERSION = YES;
				CLANG_WARN_DEPRECATED_OBJC_IMPLEMENTATIONS = YES;
				CLANG_WARN_DIRECT_OBJC_ISA_USAGE = YES_ERROR;
				CLANG_WARN_DOCUMENTATION_COMMENTS = YES;
				CLANG_WARN_EMPTY_BODY = YES;
				CLANG_WARN_ENUM_CONVERSION = YES;
				CLANG_WARN_INFINITE_RECURSION = YES;
				CLANG_WARN_INT_CONVERSION = YES;
				CLANG_WARN_NON_LITERAL_NULL_CONVERSION = YES;
				CLANG_WARN_OBJC_IMPLICIT_RETAIN_SELF = YES;
				CLANG_WARN_OBJC_LITERAL_CONVERSION = YES;
				CLANG_WARN_OBJC_ROOT_CLASS = YES_ERROR;
				CLANG_WARN_QUOTED_INCLUDE_IN_FRAMEWORK_HEADER = YES;
				CLANG_WARN_RANGE_LOOP_ANALYSIS = YES;
				CLANG_WARN_STRICT_PROTOTYPES = YES;
				CLANG_WARN_SUSPICIOUS_MOVE = YES;
				CLANG_WARN_UNGUARDED_AVAILABILITY = YES_AGGRESSIVE;
				CLANG_WARN_UNREACHABLE_CODE = YES;
				CLANG_WARN__DUPLICATE_METHOD_MATCH = YES;
				COPY_PHASE_STRIP = NO;
				DEBUG_INFORMATION_FORMAT = dwarf;
				ENABLE_STRICT_OBJC_MSGSEND = YES;
				ENABLE_TESTABILITY = YES;
				GCC_C_LANGUAGE_STANDARD = gnu11;
				GCC_DYNAMIC_NO_PIC = NO;
				GCC_NO_COMMON_BLOCKS = YES;
				GCC_OPTIMIZATION_LEVEL = 0;
				GCC_PREPROCESSOR_DEFINITIONS = (
					"DEBUG=1",
					"$(inherited)",
				);
				GCC_WARN_64_TO_32_BIT_CONVERSION = YES;
				GCC_WARN_ABOUT_RETURN_TYPE = YES_ERROR;
				GCC_WARN_UNDECLARED_SELECTOR = YES;
				GCC_WARN_UNINITIALIZED_AUTOS = YES_AGGRESSIVE;
				GCC_WARN_UNUSED_FUNCTION = YES;
				GCC_WARN_UNUSED_VARIABLE = YES;
				MACOSX_DEPLOYMENT_TARGET = 11.2;
				MTL_ENABLE_DEBUG_INFO = INCLUDE_SOURCE;
				MTL_FAST_MATH = YES;
				ONLY_ACTIVE_ARCH = YES;
				SDKROOT = macosx;
				SWIFT_ACTIVE_COMPILATION_CONDITIONS = DEBUG;
				SWIFT_OPTIMIZATION_LEVEL = "-Onone";
			};
			name = Debug;
		};
		293E4D52273D1BD2004D0A93 /* Release */ = {
			isa = XCBuildConfiguration;
			buildSettings = {
				ALWAYS_SEARCH_USER_PATHS = NO;
				CLANG_ANALYZER_NONNULL = YES;
				CLANG_ANALYZER_NUMBER_OBJECT_CONVERSION = YES_AGGRESSIVE;
				CLANG_CXX_LANGUAGE_STANDARD = "gnu++14";
				CLANG_CXX_LIBRARY = "libc++";
				CLANG_ENABLE_MODULES = YES;
				CLANG_ENABLE_OBJC_ARC = YES;
				CLANG_ENABLE_OBJC_WEAK = YES;
				CLANG_WARN_BLOCK_CAPTURE_AUTORELEASING = YES;
				CLANG_WARN_BOOL_CONVERSION = YES;
				CLANG_WARN_COMMA = YES;
				CLANG_WARN_CONSTANT_CONVERSION = YES;
				CLANG_WARN_DEPRECATED_OBJC_IMPLEMENTATIONS = YES;
				CLANG_WARN_DIRECT_OBJC_ISA_USAGE = YES_ERROR;
				CLANG_WARN_DOCUMENTATION_COMMENTS = YES;
				CLANG_WARN_EMPTY_BODY = YES;
				CLANG_WARN_ENUM_CONVERSION = YES;
				CLANG_WARN_INFINITE_RECURSION = YES;
				CLANG_WARN_INT_CONVERSION = YES;
				CLANG_WARN_NON_LITERAL_NULL_CONVERSION = YES;
				CLANG_WARN_OBJC_IMPLICIT_RETAIN_SELF = YES;
				CLANG_WARN_OBJC_LITERAL_CONVERSION = YES;
				CLANG_WARN_OBJC_ROOT_CLASS = YES_ERROR;
				CLANG_WARN_QUOTED_INCLUDE_IN_FRAMEWORK_HEADER = YES;
				CLANG_WARN_RANGE_LOOP_ANALYSIS = YES;
				CLANG_WARN_STRICT_PROTOTYPES = YES;
				CLANG_WARN_SUSPICIOUS_MOVE = YES;
				CLANG_WARN_UNGUARDED_AVAILABILITY = YES_AGGRESSIVE;
				CLANG_WARN_UNREACHABLE_CODE = YES;
				CLANG_WARN__DUPLICATE_METHOD_MATCH = YES;
				COPY_PHASE_STRIP = NO;
				DEBUG_INFORMATION_FORMAT = "dwarf-with-dsym";
				ENABLE_NS_ASSERTIONS = NO;
				ENABLE_STRICT_OBJC_MSGSEND = YES;
				GCC_C_LANGUAGE_STANDARD = gnu11;
				GCC_NO_COMMON_BLOCKS = YES;
				GCC_WARN_64_TO_32_BIT_CONVERSION = YES;
				GCC_WARN_ABOUT_RETURN_TYPE = YES_ERROR;
				GCC_WARN_UNDECLARED_SELECTOR = YES;
				GCC_WARN_UNINITIALIZED_AUTOS = YES_AGGRESSIVE;
				GCC_WARN_UNUSED_FUNCTION = YES;
				GCC_WARN_UNUSED_VARIABLE = YES;
				MACOSX_DEPLOYMENT_TARGET = 11.2;
				MTL_ENABLE_DEBUG_INFO = NO;
				MTL_FAST_MATH = YES;
				SDKROOT = macosx;
				SWIFT_COMPILATION_MODE = wholemodule;
				SWIFT_OPTIMIZATION_LEVEL = "-O";
			};
			name = Release;
		};
		293E4D54273D1BD2004D0A93 /* Debug */ = {
			isa = XCBuildConfiguration;
			baseConfigurationReference = 6FDA943987E037CC5914A860 /* Pods-web3Eth.debug.xcconfig */;
			buildSettings = {
				CODE_SIGN_ENTITLEMENTS = web3Eth/web3Eth.entitlements;
				CODE_SIGN_STYLE = Automatic;
				DEVELOPMENT_TEAM = 2L2CZ2YAD4;
				ENABLE_HARDENED_RUNTIME = YES;
				PRODUCT_NAME = "$(TARGET_NAME)";
				SWIFT_VERSION = 5.0;
			};
			name = Debug;
		};
		293E4D55273D1BD2004D0A93 /* Release */ = {
			isa = XCBuildConfiguration;
			baseConfigurationReference = D3C7F4853D0022660E9341C7 /* Pods-web3Eth.release.xcconfig */;
			buildSettings = {
				CODE_SIGN_ENTITLEMENTS = web3Eth/web3Eth.entitlements;
				CODE_SIGN_STYLE = Automatic;
				DEVELOPMENT_TEAM = 2L2CZ2YAD4;
				ENABLE_HARDENED_RUNTIME = YES;
				PRODUCT_NAME = "$(TARGET_NAME)";
				SWIFT_VERSION = 5.0;
			};
			name = Release;
		};
/* End XCBuildConfiguration section */

/* Begin XCConfigurationList section */
		293E4D47273D1BD2004D0A93 /* Build configuration list for PBXProject "web3Eth" */ = {
			isa = XCConfigurationList;
			buildConfigurations = (
				293E4D51273D1BD2004D0A93 /* Debug */,
				293E4D52273D1BD2004D0A93 /* Release */,
			);
			defaultConfigurationIsVisible = 0;
			defaultConfigurationName = Release;
		};
		293E4D53273D1BD2004D0A93 /* Build configuration list for PBXNativeTarget "web3Eth" */ = {
			isa = XCConfigurationList;
			buildConfigurations = (
				293E4D54273D1BD2004D0A93 /* Debug */,
				293E4D55273D1BD2004D0A93 /* Release */,
			);
			defaultConfigurationIsVisible = 0;
			defaultConfigurationName = Release;
		};
/* End XCConfigurationList section */
	};
	rootObject = 293E4D44273D1BD2004D0A93 /* Project object */;
}
